{
  "name": "carta-main",
  "lockfileVersion": 3,
  "requires": true,
  "packages": {
    "": {
      "dependencies": {
        "adb": "^0.2.0"
      }
    },
    "node_modules/adb": {
      "version": "0.2.0",
      "resolved": "https://registry.npmjs.org/adb/-/adb-0.2.0.tgz",
      "integrity": "sha512-Ml/fzYnxu4q7cDeKDmh3mzE1HC+YN/wWiTxNZ3pBeLfcdj3/uBev74UUraUrvj9pzAiel0yF8S5XNMNFQnNdIA==",
      "engines": {
        "node": "*"
      }
    }
  }
}
